// !$*UTF8*$!
{
	archiveVersion = 1;
	classes = {
	};
	objectVersion = 51;
	objects = {

/* Begin PBXBuildFile section */
		87EF906DDF311ADF611D5194 /* Pods_Messenger.framework in Frameworks */ = {isa = PBXBuildFile; fileRef = 7BE340F642F56634E05BD1C1 /* Pods_Messenger.framework */; };
		E7186949260ACEB9007D7975 /* GoogleService-Info.plist in Resources */ = {isa = PBXBuildFile; fileRef = E7186948260ACEB9007D7975 /* GoogleService-Info.plist */; };
		E73CFC74260AE98B00DA0851 /* DatabaseManager.swift in Sources */ = {isa = PBXBuildFile; fileRef = E73CFC73260AE98B00DA0851 /* DatabaseManager.swift */; };
		E73CFCD9260B712400DA0851 /* TabBarViewController.swift in Sources */ = {isa = PBXBuildFile; fileRef = E73CFCD8260B712400DA0851 /* TabBarViewController.swift */; };
		E7876EBF26085A36000FD352 /* AppDelegate.swift in Sources */ = {isa = PBXBuildFile; fileRef = E7876EBE26085A36000FD352 /* AppDelegate.swift */; };
		E7876EC126085A36000FD352 /* SceneDelegate.swift in Sources */ = {isa = PBXBuildFile; fileRef = E7876EC026085A36000FD352 /* SceneDelegate.swift */; };
		E7876EC326085A36000FD352 /* ConversationViewController.swift in Sources */ = {isa = PBXBuildFile; fileRef = E7876EC226085A36000FD352 /* ConversationViewController.swift */; };
		E7876EC626085A36000FD352 /* Main.storyboard in Resources */ = {isa = PBXBuildFile; fileRef = E7876EC426085A36000FD352 /* Main.storyboard */; };
		E7876EC826085A37000FD352 /* Assets.xcassets in Resources */ = {isa = PBXBuildFile; fileRef = E7876EC726085A37000FD352 /* Assets.xcassets */; };
		E7876ECB26085A37000FD352 /* LaunchScreen.storyboard in Resources */ = {isa = PBXBuildFile; fileRef = E7876EC926085A37000FD352 /* LaunchScreen.storyboard */; };
		E7876EDC2608608B000FD352 /* LoginViewController.swift in Sources */ = {isa = PBXBuildFile; fileRef = E7876EDB2608608B000FD352 /* LoginViewController.swift */; };
		E7876EE02608609B000FD352 /* RegisterViewController.swift in Sources */ = {isa = PBXBuildFile; fileRef = E7876EDF2608609B000FD352 /* RegisterViewController.swift */; };
		E7876EE326087396000FD352 /* PhotoViewerViewController.swift in Sources */ = {isa = PBXBuildFile; fileRef = E7876EE226087396000FD352 /* PhotoViewerViewController.swift */; };
		E7876EE6260873AB000FD352 /* VideoPlayerViewController.swift in Sources */ = {isa = PBXBuildFile; fileRef = E7876EE5260873AB000FD352 /* VideoPlayerViewController.swift */; };
		E7876EE9260873D0000FD352 /* NewConversationViewController.swift in Sources */ = {isa = PBXBuildFile; fileRef = E7876EE8260873D0000FD352 /* NewConversationViewController.swift */; };
		E7876EEC260873EF000FD352 /* ProfileViewController.swift in Sources */ = {isa = PBXBuildFile; fileRef = E7876EEB260873EF000FD352 /* ProfileViewController.swift */; };
		E7876EF126087F8A000FD352 /* Extensions.swift in Sources */ = {isa = PBXBuildFile; fileRef = E7876EF026087F8A000FD352 /* Extensions.swift */; };
		E7DDA338262156FC005359E3 /* ConversationTableViewCell.swift in Sources */ = {isa = PBXBuildFile; fileRef = E7DDA337262156FC005359E3 /* ConversationTableViewCell.swift */; };
		E7F6488A26162D240012C9A4 /* ChatViewController.swift in Sources */ = {isa = PBXBuildFile; fileRef = E7F6488926162D240012C9A4 /* ChatViewController.swift */; };
		E7FA20A72617007D007708AB /* StorageManager.swift in Sources */ = {isa = PBXBuildFile; fileRef = E7FA20A62617007D007708AB /* StorageManager.swift */; };
/* End PBXBuildFile section */

/* Begin PBXFileReference section */
		5F6011E711C06F13065BFBCB /* Pods-Messenger.debug.xcconfig */ = {isa = PBXFileReference; includeInIndex = 1; lastKnownFileType = text.xcconfig; name = "Pods-Messenger.debug.xcconfig"; path = "Target Support Files/Pods-Messenger/Pods-Messenger.debug.xcconfig"; sourceTree = "<group>"; };
		7BE340F642F56634E05BD1C1 /* Pods_Messenger.framework */ = {isa = PBXFileReference; explicitFileType = wrapper.framework; includeInIndex = 0; path = Pods_Messenger.framework; sourceTree = BUILT_PRODUCTS_DIR; };
		8DE134D8B22F3125E1BB8749 /* Pods-Messenger.release.xcconfig */ = {isa = PBXFileReference; includeInIndex = 1; lastKnownFileType = text.xcconfig; name = "Pods-Messenger.release.xcconfig"; path = "Target Support Files/Pods-Messenger/Pods-Messenger.release.xcconfig"; sourceTree = "<group>"; };
		E7186948260ACEB9007D7975 /* GoogleService-Info.plist */ = {isa = PBXFileReference; fileEncoding = 4; lastKnownFileType = text.plist.xml; path = "GoogleService-Info.plist"; sourceTree = "<group>"; };
		E73CFC73260AE98B00DA0851 /* DatabaseManager.swift */ = {isa = PBXFileReference; lastKnownFileType = sourcecode.swift; path = DatabaseManager.swift; sourceTree = "<group>"; };
		E73CFCD8260B712400DA0851 /* TabBarViewController.swift */ = {isa = PBXFileReference; lastKnownFileType = sourcecode.swift; path = TabBarViewController.swift; sourceTree = "<group>"; };
		E7876EBB26085A36000FD352 /* Messenger.app */ = {isa = PBXFileReference; explicitFileType = wrapper.application; includeInIndex = 0; path = Messenger.app; sourceTree = BUILT_PRODUCTS_DIR; };
		E7876EBE26085A36000FD352 /* AppDelegate.swift */ = {isa = PBXFileReference; lastKnownFileType = sourcecode.swift; path = AppDelegate.swift; sourceTree = "<group>"; };
		E7876EC026085A36000FD352 /* SceneDelegate.swift */ = {isa = PBXFileReference; lastKnownFileType = sourcecode.swift; path = SceneDelegate.swift; sourceTree = "<group>"; };
		E7876EC226085A36000FD352 /* ConversationViewController.swift */ = {isa = PBXFileReference; lastKnownFileType = sourcecode.swift; path = ConversationViewController.swift; sourceTree = "<group>"; };
		E7876EC526085A36000FD352 /* Base */ = {isa = PBXFileReference; lastKnownFileType = file.storyboard; name = Base; path = Base.lproj/Main.storyboard; sourceTree = "<group>"; };
		E7876EC726085A37000FD352 /* Assets.xcassets */ = {isa = PBXFileReference; lastKnownFileType = folder.assetcatalog; path = Assets.xcassets; sourceTree = "<group>"; };
		E7876ECA26085A37000FD352 /* Base */ = {isa = PBXFileReference; lastKnownFileType = file.storyboard; name = Base; path = Base.lproj/LaunchScreen.storyboard; sourceTree = "<group>"; };
		E7876ECC26085A37000FD352 /* Info.plist */ = {isa = PBXFileReference; lastKnownFileType = text.plist.xml; path = Info.plist; sourceTree = "<group>"; };
		E7876EDB2608608B000FD352 /* LoginViewController.swift */ = {isa = PBXFileReference; lastKnownFileType = sourcecode.swift; path = LoginViewController.swift; sourceTree = "<group>"; };
		E7876EDF2608609B000FD352 /* RegisterViewController.swift */ = {isa = PBXFileReference; lastKnownFileType = sourcecode.swift; path = RegisterViewController.swift; sourceTree = "<group>"; };
		E7876EE226087396000FD352 /* PhotoViewerViewController.swift */ = {isa = PBXFileReference; lastKnownFileType = sourcecode.swift; path = PhotoViewerViewController.swift; sourceTree = "<group>"; };
		E7876EE5260873AB000FD352 /* VideoPlayerViewController.swift */ = {isa = PBXFileReference; lastKnownFileType = sourcecode.swift; path = VideoPlayerViewController.swift; sourceTree = "<group>"; };
		E7876EE8260873D0000FD352 /* NewConversationViewController.swift */ = {isa = PBXFileReference; lastKnownFileType = sourcecode.swift; path = NewConversationViewController.swift; sourceTree = "<group>"; };
		E7876EEB260873EF000FD352 /* ProfileViewController.swift */ = {isa = PBXFileReference; lastKnownFileType = sourcecode.swift; path = ProfileViewController.swift; sourceTree = "<group>"; };
		E7876EF026087F8A000FD352 /* Extensions.swift */ = {isa = PBXFileReference; lastKnownFileType = sourcecode.swift; path = Extensions.swift; sourceTree = "<group>"; };
		E7DDA337262156FC005359E3 /* ConversationTableViewCell.swift */ = {isa = PBXFileReference; lastKnownFileType = sourcecode.swift; path = ConversationTableViewCell.swift; sourceTree = "<group>"; };
		E7F6488926162D240012C9A4 /* ChatViewController.swift */ = {isa = PBXFileReference; lastKnownFileType = sourcecode.swift; path = ChatViewController.swift; sourceTree = "<group>"; };
		E7FA20A62617007D007708AB /* StorageManager.swift */ = {isa = PBXFileReference; lastKnownFileType = sourcecode.swift; path = StorageManager.swift; sourceTree = "<group>"; };
/* End PBXFileReference section */

/* Begin PBXFrameworksBuildPhase section */
		E7876EB826085A36000FD352 /* Frameworks */ = {
			isa = PBXFrameworksBuildPhase;
			buildActionMask = 2147483647;
			files = (
				87EF906DDF311ADF611D5194 /* Pods_Messenger.framework in Frameworks */,
			);
			runOnlyForDeploymentPostprocessing = 0;
		};
/* End PBXFrameworksBuildPhase section */

/* Begin PBXGroup section */
		BA881A08C28BED31CEF06F93 /* Pods */ = {
			isa = PBXGroup;
			children = (
				5F6011E711C06F13065BFBCB /* Pods-Messenger.debug.xcconfig */,
				8DE134D8B22F3125E1BB8749 /* Pods-Messenger.release.xcconfig */,
			);
			path = Pods;
			sourceTree = "<group>";
		};
		E7876EB226085A36000FD352 = {
			isa = PBXGroup;
			children = (
				E7DDA337262156FC005359E3 /* ConversationTableViewCell.swift */,
				E7876EBD26085A36000FD352 /* Messenger */,
				E7876EBC26085A36000FD352 /* Products */,
				BA881A08C28BED31CEF06F93 /* Pods */,
				EC682490B09D69C20D22C905 /* Frameworks */,
			);
			sourceTree = "<group>";
		};
		E7876EBC26085A36000FD352 /* Products */ = {
			isa = PBXGroup;
			children = (
				E7876EBB26085A36000FD352 /* Messenger.app */,
			);
			name = Products;
			sourceTree = "<group>";
		};
		E7876EBD26085A36000FD352 /* Messenger */ = {
			isa = PBXGroup;
			children = (
				E7186948260ACEB9007D7975 /* GoogleService-Info.plist */,
				E7876ED726085D53000FD352 /* Resources */,
				E7876ED626085C4C000FD352 /* ViewModels */,
				E7876ED526085C3B000FD352 /* Models */,
				E7876ED426085C35000FD352 /* Views */,
				E7876ED326085C2F000FD352 /* Controllers */,
				E7876ECC26085A37000FD352 /* Info.plist */,
			);
			path = Messenger;
			sourceTree = "<group>";
		};
		E7876ED326085C2F000FD352 /* Controllers */ = {
			isa = PBXGroup;
			children = (
				E7876EC226085A36000FD352 /* ConversationViewController.swift */,
				E7876EEE2608753E000FD352 /* Login */,
				E7876EE226087396000FD352 /* PhotoViewerViewController.swift */,
				E7876EE5260873AB000FD352 /* VideoPlayerViewController.swift */,
				E7876EE8260873D0000FD352 /* NewConversationViewController.swift */,
				E7876EEB260873EF000FD352 /* ProfileViewController.swift */,
				E73CFCD8260B712400DA0851 /* TabBarViewController.swift */,
				E7F6488926162D240012C9A4 /* ChatViewController.swift */,
			);
			path = Controllers;
			sourceTree = "<group>";
		};
		E7876ED426085C35000FD352 /* Views */ = {
			isa = PBXGroup;
			children = (
				E7876ED826085F4D000FD352 /* Storyboards */,
			);
			path = Views;
			sourceTree = "<group>";
		};
		E7876ED526085C3B000FD352 /* Models */ = {
			isa = PBXGroup;
			children = (
			);
			path = Models;
			sourceTree = "<group>";
		};
		E7876ED626085C4C000FD352 /* ViewModels */ = {
			isa = PBXGroup;
			children = (
			);
			path = ViewModels;
			sourceTree = "<group>";
		};
		E7876ED726085D53000FD352 /* Resources */ = {
			isa = PBXGroup;
			children = (
				E7876EBE26085A36000FD352 /* AppDelegate.swift */,
				E7876EC026085A36000FD352 /* SceneDelegate.swift */,
				E7876EC726085A37000FD352 /* Assets.xcassets */,
				E7876EF026087F8A000FD352 /* Extensions.swift */,
				E73CFC73260AE98B00DA0851 /* DatabaseManager.swift */,
				E7FA20A62617007D007708AB /* StorageManager.swift */,
			);
			path = Resources;
			sourceTree = "<group>";
		};
		E7876ED826085F4D000FD352 /* Storyboards */ = {
			isa = PBXGroup;
			children = (
				E7876EC426085A36000FD352 /* Main.storyboard */,
				E7876EC926085A37000FD352 /* LaunchScreen.storyboard */,
			);
			path = Storyboards;
			sourceTree = "<group>";
		};
		E7876EEE2608753E000FD352 /* Login */ = {
			isa = PBXGroup;
			children = (
				E7876EDB2608608B000FD352 /* LoginViewController.swift */,
				E7876EDF2608609B000FD352 /* RegisterViewController.swift */,
			);
			path = Login;
			sourceTree = "<group>";
		};
		EC682490B09D69C20D22C905 /* Frameworks */ = {
			isa = PBXGroup;
			children = (
				7BE340F642F56634E05BD1C1 /* Pods_Messenger.framework */,
			);
			name = Frameworks;
			sourceTree = "<group>";
		};
/* End PBXGroup section */

/* Begin PBXNativeTarget section */
		E7876EBA26085A36000FD352 /* Messenger */ = {
			isa = PBXNativeTarget;
			buildConfigurationList = E7876ECF26085A37000FD352 /* Build configuration list for PBXNativeTarget "Messenger" */;
			buildPhases = (
				CE7556E2D5334F046C1D7953 /* [CP] Check Pods Manifest.lock */,
				E7876EB726085A36000FD352 /* Sources */,
				E7876EB826085A36000FD352 /* Frameworks */,
				E7876EB926085A36000FD352 /* Resources */,
				305C4D7AB373FD8D05CA8697 /* [CP] Embed Pods Frameworks */,
				68153C813B91EEDEAD07D12C /* [CP] Copy Pods Resources */,
			);
			buildRules = (
			);
			dependencies = (
			);
			name = Messenger;
			productName = Messenger;
			productReference = E7876EBB26085A36000FD352 /* Messenger.app */;
			productType = "com.apple.product-type.application";
		};
/* End PBXNativeTarget section */

/* Begin PBXProject section */
		E7876EB326085A36000FD352 /* Project object */ = {
			isa = PBXProject;
			attributes = {
				LastSwiftUpdateCheck = 1220;
				LastUpgradeCheck = 1220;
				TargetAttributes = {
					E7876EBA26085A36000FD352 = {
						CreatedOnToolsVersion = 12.2;
					};
				};
			};
			buildConfigurationList = E7876EB626085A36000FD352 /* Build configuration list for PBXProject "Messenger" */;
			compatibilityVersion = "Xcode 9.3";
			developmentRegion = en;
			hasScannedForEncodings = 0;
			knownRegions = (
				en,
				Base,
			);
			mainGroup = E7876EB226085A36000FD352;
			productRefGroup = E7876EBC26085A36000FD352 /* Products */;
			projectDirPath = "";
			projectRoot = "";
			targets = (
				E7876EBA26085A36000FD352 /* Messenger */,
			);
		};
/* End PBXProject section */

/* Begin PBXResourcesBuildPhase section */
		E7876EB926085A36000FD352 /* Resources */ = {
			isa = PBXResourcesBuildPhase;
			buildActionMask = 2147483647;
			files = (
				E7876ECB26085A37000FD352 /* LaunchScreen.storyboard in Resources */,
				E7186949260ACEB9007D7975 /* GoogleService-Info.plist in Resources */,
				E7876EC826085A37000FD352 /* Assets.xcassets in Resources */,
				E7876EC626085A36000FD352 /* Main.storyboard in Resources */,
			);
			runOnlyForDeploymentPostprocessing = 0;
		};
/* End PBXResourcesBuildPhase section */

/* Begin PBXShellScriptBuildPhase section */
		305C4D7AB373FD8D05CA8697 /* [CP] Embed Pods Frameworks */ = {
			isa = PBXShellScriptBuildPhase;
			buildActionMask = 2147483647;
			files = (
			);
			inputFileListPaths = (
				"${PODS_ROOT}/Target Support Files/Pods-Messenger/Pods-Messenger-frameworks-${CONFIGURATION}-input-files.xcfilelist",
			);
			name = "[CP] Embed Pods Frameworks";
			outputFileListPaths = (
				"${PODS_ROOT}/Target Support Files/Pods-Messenger/Pods-Messenger-frameworks-${CONFIGURATION}-output-files.xcfilelist",
			);
			runOnlyForDeploymentPostprocessing = 0;
			shellPath = /bin/sh;
			shellScript = "\"${PODS_ROOT}/Target Support Files/Pods-Messenger/Pods-Messenger-frameworks.sh\"\n";
			showEnvVarsInLog = 0;
		};
		68153C813B91EEDEAD07D12C /* [CP] Copy Pods Resources */ = {
			isa = PBXShellScriptBuildPhase;
			buildActionMask = 2147483647;
			files = (
			);
			inputFileListPaths = (
				"${PODS_ROOT}/Target Support Files/Pods-Messenger/Pods-Messenger-resources-${CONFIGURATION}-input-files.xcfilelist",
			);
			name = "[CP] Copy Pods Resources";
			outputFileListPaths = (
				"${PODS_ROOT}/Target Support Files/Pods-Messenger/Pods-Messenger-resources-${CONFIGURATION}-output-files.xcfilelist",
			);
			runOnlyForDeploymentPostprocessing = 0;
			shellPath = /bin/sh;
			shellScript = "\"${PODS_ROOT}/Target Support Files/Pods-Messenger/Pods-Messenger-resources.sh\"\n";
			showEnvVarsInLog = 0;
		};
		CE7556E2D5334F046C1D7953 /* [CP] Check Pods Manifest.lock */ = {
			isa = PBXShellScriptBuildPhase;
			buildActionMask = 2147483647;
			files = (
			);
			inputFileListPaths = (
			);
			inputPaths = (
				"${PODS_PODFILE_DIR_PATH}/Podfile.lock",
				"${PODS_ROOT}/Manifest.lock",
			);
			name = "[CP] Check Pods Manifest.lock";
			outputFileListPaths = (
			);
			outputPaths = (
				"$(DERIVED_FILE_DIR)/Pods-Messenger-checkManifestLockResult.txt",
			);
			runOnlyForDeploymentPostprocessing = 0;
			shellPath = /bin/sh;
			shellScript = "diff \"${PODS_PODFILE_DIR_PATH}/Podfile.lock\" \"${PODS_ROOT}/Manifest.lock\" > /dev/null\nif [ $? != 0 ] ; then\n    # print error to STDERR\n    echo \"error: The sandbox is not in sync with the Podfile.lock. Run 'pod install' or update your CocoaPods installation.\" >&2\n    exit 1\nfi\n# This output is used by Xcode 'outputs' to avoid re-running this script phase.\necho \"SUCCESS\" > \"${SCRIPT_OUTPUT_FILE_0}\"\n";
			showEnvVarsInLog = 0;
		};
/* End PBXShellScriptBuildPhase section */

/* Begin PBXSourcesBuildPhase section */
		E7876EB726085A36000FD352 /* Sources */ = {
			isa = PBXSourcesBuildPhase;
			buildActionMask = 2147483647;
			files = (
				E7876EDC2608608B000FD352 /* LoginViewController.swift in Sources */,
				E73CFC74260AE98B00DA0851 /* DatabaseManager.swift in Sources */,
				E7876EE02608609B000FD352 /* RegisterViewController.swift in Sources */,
				E7FA20A72617007D007708AB /* StorageManager.swift in Sources */,
				E7876EE9260873D0000FD352 /* NewConversationViewController.swift in Sources */,
				E73CFCD9260B712400DA0851 /* TabBarViewController.swift in Sources */,
				E7876EC326085A36000FD352 /* ConversationViewController.swift in Sources */,
				E7876EE6260873AB000FD352 /* VideoPlayerViewController.swift in Sources */,
				E7876EF126087F8A000FD352 /* Extensions.swift in Sources */,
				E7876EBF26085A36000FD352 /* AppDelegate.swift in Sources */,
				E7F6488A26162D240012C9A4 /* ChatViewController.swift in Sources */,
				E7876EEC260873EF000FD352 /* ProfileViewController.swift in Sources */,
				E7876EC126085A36000FD352 /* SceneDelegate.swift in Sources */,
				E7876EE326087396000FD352 /* PhotoViewerViewController.swift in Sources */,
				E7DDA338262156FC005359E3 /* ConversationTableViewCell.swift in Sources */,
			);
			runOnlyForDeploymentPostprocessing = 0;
		};
/* End PBXSourcesBuildPhase section */

/* Begin PBXVariantGroup section */
		E7876EC426085A36000FD352 /* Main.storyboard */ = {
			isa = PBXVariantGroup;
			children = (
				E7876EC526085A36000FD352 /* Base */,
			);
			name = Main.storyboard;
			sourceTree = "<group>";
		};
		E7876EC926085A37000FD352 /* LaunchScreen.storyboard */ = {
			isa = PBXVariantGroup;
			children = (
				E7876ECA26085A37000FD352 /* Base */,
			);
			name = LaunchScreen.storyboard;
			sourceTree = "<group>";
		};
/* End PBXVariantGroup section */

/* Begin XCBuildConfiguration section */
		E7876ECD26085A37000FD352 /* Debug */ = {
			isa = XCBuildConfiguration;
			buildSettings = {
				ALWAYS_SEARCH_USER_PATHS = NO;
				CLANG_ANALYZER_NONNULL = YES;
				CLANG_ANALYZER_NUMBER_OBJECT_CONVERSION = YES_AGGRESSIVE;
				CLANG_CXX_LANGUAGE_STANDARD = "gnu++14";
				CLANG_CXX_LIBRARY = "libc++";
				CLANG_ENABLE_MODULES = YES;
				CLANG_ENABLE_OBJC_ARC = YES;
				CLANG_ENABLE_OBJC_WEAK = YES;
				CLANG_WARN_BLOCK_CAPTURE_AUTORELEASING = YES;
				CLANG_WARN_BOOL_CONVERSION = YES;
				CLANG_WARN_COMMA = YES;
				CLANG_WARN_CONSTANT_CONVERSION = YES;
				CLANG_WARN_DEPRECATED_OBJC_IMPLEMENTATIONS = YES;
				CLANG_WARN_DIRECT_OBJC_ISA_USAGE = YES_ERROR;
				CLANG_WARN_DOCUMENTATION_COMMENTS = YES;
				CLANG_WARN_EMPTY_BODY = YES;
				CLANG_WARN_ENUM_CONVERSION = YES;
				CLANG_WARN_INFINITE_RECURSION = YES;
				CLANG_WARN_INT_CONVERSION = YES;
				CLANG_WARN_NON_LITERAL_NULL_CONVERSION = YES;
				CLANG_WARN_OBJC_IMPLICIT_RETAIN_SELF = YES;
				CLANG_WARN_OBJC_LITERAL_CONVERSION = YES;
				CLANG_WARN_OBJC_ROOT_CLASS = YES_ERROR;
				CLANG_WARN_QUOTED_INCLUDE_IN_FRAMEWORK_HEADER = YES;
				CLANG_WARN_RANGE_LOOP_ANALYSIS = YES;
				CLANG_WARN_STRICT_PROTOTYPES = YES;
				CLANG_WARN_SUSPICIOUS_MOVE = YES;
				CLANG_WARN_UNGUARDED_AVAILABILITY = YES_AGGRESSIVE;
				CLANG_WARN_UNREACHABLE_CODE = YES;
				CLANG_WARN__DUPLICATE_METHOD_MATCH = YES;
				COPY_PHASE_STRIP = NO;
				DEBUG_INFORMATION_FORMAT = dwarf;
				ENABLE_STRICT_OBJC_MSGSEND = YES;
				ENABLE_TESTABILITY = YES;
				GCC_C_LANGUAGE_STANDARD = gnu11;
				GCC_DYNAMIC_NO_PIC = NO;
				GCC_NO_COMMON_BLOCKS = YES;
				GCC_OPTIMIZATION_LEVEL = 0;
				GCC_PREPROCESSOR_DEFINITIONS = (
					"DEBUG=1",
					"$(inherited)",
				);
				GCC_WARN_64_TO_32_BIT_CONVERSION = YES;
				GCC_WARN_ABOUT_RETURN_TYPE = YES_ERROR;
				GCC_WARN_UNDECLARED_SELECTOR = YES;
				GCC_WARN_UNINITIALIZED_AUTOS = YES_AGGRESSIVE;
				GCC_WARN_UNUSED_FUNCTION = YES;
				GCC_WARN_UNUSED_VARIABLE = YES;
				IPHONEOS_DEPLOYMENT_TARGET = 13.0;
				MTL_ENABLE_DEBUG_INFO = INCLUDE_SOURCE;
				MTL_FAST_MATH = YES;
				ONLY_ACTIVE_ARCH = YES;
				SDKROOT = iphoneos;
				SWIFT_ACTIVE_COMPILATION_CONDITIONS = DEBUG;
				SWIFT_OPTIMIZATION_LEVEL = "-Onone";
			};
			name = Debug;
		};
		E7876ECE26085A37000FD352 /* Release */ = {
			isa = XCBuildConfiguration;
			buildSettings = {
				ALWAYS_SEARCH_USER_PATHS = NO;
				CLANG_ANALYZER_NONNULL = YES;
				CLANG_ANALYZER_NUMBER_OBJECT_CONVERSION = YES_AGGRESSIVE;
				CLANG_CXX_LANGUAGE_STANDARD = "gnu++14";
				CLANG_CXX_LIBRARY = "libc++";
				CLANG_ENABLE_MODULES = YES;
				CLANG_ENABLE_OBJC_ARC = YES;
				CLANG_ENABLE_OBJC_WEAK = YES;
				CLANG_WARN_BLOCK_CAPTURE_AUTORELEASING = YES;
				CLANG_WARN_BOOL_CONVERSION = YES;
				CLANG_WARN_COMMA = YES;
				CLANG_WARN_CONSTANT_CONVERSION = YES;
				CLANG_WARN_DEPRECATED_OBJC_IMPLEMENTATIONS = YES;
				CLANG_WARN_DIRECT_OBJC_ISA_USAGE = YES_ERROR;
				CLANG_WARN_DOCUMENTATION_COMMENTS = YES;
				CLANG_WARN_EMPTY_BODY = YES;
				CLANG_WARN_ENUM_CONVERSION = YES;
				CLANG_WARN_INFINITE_RECURSION = YES;
				CLANG_WARN_INT_CONVERSION = YES;
				CLANG_WARN_NON_LITERAL_NULL_CONVERSION = YES;
				CLANG_WARN_OBJC_IMPLICIT_RETAIN_SELF = YES;
				CLANG_WARN_OBJC_LITERAL_CONVERSION = YES;
				CLANG_WARN_OBJC_ROOT_CLASS = YES_ERROR;
				CLANG_WARN_QUOTED_INCLUDE_IN_FRAMEWORK_HEADER = YES;
				CLANG_WARN_RANGE_LOOP_ANALYSIS = YES;
				CLANG_WARN_STRICT_PROTOTYPES = YES;
				CLANG_WARN_SUSPICIOUS_MOVE = YES;
				CLANG_WARN_UNGUARDED_AVAILABILITY = YES_AGGRESSIVE;
				CLANG_WARN_UNREACHABLE_CODE = YES;
				CLANG_WARN__DUPLICATE_METHOD_MATCH = YES;
				COPY_PHASE_STRIP = NO;
				DEBUG_INFORMATION_FORMAT = "dwarf-with-dsym";
				ENABLE_NS_ASSERTIONS = NO;
				ENABLE_STRICT_OBJC_MSGSEND = YES;
				GCC_C_LANGUAGE_STANDARD = gnu11;
				GCC_NO_COMMON_BLOCKS = YES;
				GCC_WARN_64_TO_32_BIT_CONVERSION = YES;
				GCC_WARN_ABOUT_RETURN_TYPE = YES_ERROR;
				GCC_WARN_UNDECLARED_SELECTOR = YES;
				GCC_WARN_UNINITIALIZED_AUTOS = YES_AGGRESSIVE;
				GCC_WARN_UNUSED_FUNCTION = YES;
				GCC_WARN_UNUSED_VARIABLE = YES;
				IPHONEOS_DEPLOYMENT_TARGET = 13.0;
				MTL_ENABLE_DEBUG_INFO = NO;
				MTL_FAST_MATH = YES;
				SDKROOT = iphoneos;
				SWIFT_COMPILATION_MODE = wholemodule;
				SWIFT_OPTIMIZATION_LEVEL = "-O";
				VALIDATE_PRODUCT = YES;
			};
			name = Release;
		};
		E7876ED026085A37000FD352 /* Debug */ = {
			isa = XCBuildConfiguration;
			baseConfigurationReference = 5F6011E711C06F13065BFBCB /* Pods-Messenger.debug.xcconfig */;
			buildSettings = {
				ASSETCATALOG_COMPILER_APPICON_NAME = AppIcon;
				ASSETCATALOG_COMPILER_GLOBAL_ACCENT_COLOR_NAME = AccentColor;
				CODE_SIGN_STYLE = Automatic;
				INFOPLIST_FILE = Messenger/Info.plist;
				IPHONEOS_DEPLOYMENT_TARGET = 13.0;
				LD_RUNPATH_SEARCH_PATHS = (
					"$(inherited)",
					"@executable_path/Frameworks",
				);
				PRODUCT_BUNDLE_IDENTIFIER = HieuTong.Messenger;
				PRODUCT_NAME = "$(TARGET_NAME)";
				SWIFT_VERSION = 5.0;
				TARGETED_DEVICE_FAMILY = "1,2";
			};
			name = Debug;
		};
		E7876ED126085A37000FD352 /* Release */ = {
			isa = XCBuildConfiguration;
			baseConfigurationReference = 8DE134D8B22F3125E1BB8749 /* Pods-Messenger.release.xcconfig */;
			buildSettings = {
				ASSETCATALOG_COMPILER_APPICON_NAME = AppIcon;
				ASSETCATALOG_COMPILER_GLOBAL_ACCENT_COLOR_NAME = AccentColor;
				CODE_SIGN_STYLE = Automatic;
				INFOPLIST_FILE = Messenger/Info.plist;
				IPHONEOS_DEPLOYMENT_TARGET = 13.0;
				LD_RUNPATH_SEARCH_PATHS = (
					"$(inherited)",
					"@executable_path/Frameworks",
				);
				PRODUCT_BUNDLE_IDENTIFIER = HieuTong.Messenger;
				PRODUCT_NAME = "$(TARGET_NAME)";
				SWIFT_VERSION = 5.0;
				TARGETED_DEVICE_FAMILY = "1,2";
			};
			name = Release;
		};
/* End XCBuildConfiguration section */

/* Begin XCConfigurationList section */
		E7876EB626085A36000FD352 /* Build configuration list for PBXProject "Messenger" */ = {
			isa = XCConfigurationList;
			buildConfigurations = (
				E7876ECD26085A37000FD352 /* Debug */,
				E7876ECE26085A37000FD352 /* Release */,
			);
			defaultConfigurationIsVisible = 0;
			defaultConfigurationName = Release;
		};
		E7876ECF26085A37000FD352 /* Build configuration list for PBXNativeTarget "Messenger" */ = {
			isa = XCConfigurationList;
			buildConfigurations = (
				E7876ED026085A37000FD352 /* Debug */,
				E7876ED126085A37000FD352 /* Release */,
			);
			defaultConfigurationIsVisible = 0;
			defaultConfigurationName = Release;
		};
/* End XCConfigurationList section */
	};
	rootObject = E7876EB326085A36000FD352 /* Project object */;
}
